# THIS IS AN AUTOGENERATED FILE. DO NOT EDIT THIS FILE DIRECTLY.
# yarn lockfile v1


"@types/google-apps-script@^1.0.14":
  version "1.0.14"
  resolved "https://registry.yarnpkg.com/@types/google-apps-script/-/google-apps-script-1.0.14.tgz#194d0d1c5236651ddae03c512891605c88501839"
  integrity sha512-dxYrClArM39GGlANFbCJiBg+wBmmK5VuBW2/JBaqg6Bo/OpAcXJoQ69zml6HmuHoKJDw1WR+BRxeJ/U9L9dk8A==

"@types/node@^14.0.14":
  version "14.0.14"
  resolved "https://registry.yarnpkg.com/@types/node/-/node-14.0.14.tgz#24a0b5959f16ac141aeb0c5b3cd7a15b7c64cbce"
  integrity sha512-syUgf67ZQpaJj01/tRTknkMNoBBLWJOBODF0Zm4NrXmiSuxjymFrxnTu1QVYRubhVkRcZLYZG8STTwJRdVm/WQ==
